// !$*UTF8*$!
{
	archiveVersion = 1;
	classes = {
	};
	objectVersion = 56;
	objects = {

/* Begin PBXBuildFile section */
		A60519D3298BA66B00557E7E /* AppDelegate.swift in Sources */ = {isa = PBXBuildFile; fileRef = A60519D2298BA66B00557E7E /* AppDelegate.swift */; };
		A60519D5298BA66B00557E7E /* SceneDelegate.swift in Sources */ = {isa = PBXBuildFile; fileRef = A60519D4298BA66B00557E7E /* SceneDelegate.swift */; };
		A60519DC298BA66C00557E7E /* Assets.xcassets in Resources */ = {isa = PBXBuildFile; fileRef = A60519DB298BA66C00557E7E /* Assets.xcassets */; };
		A60519DF298BA66C00557E7E /* LaunchScreen.storyboard in Resources */ = {isa = PBXBuildFile; fileRef = A60519DD298BA66C00557E7E /* LaunchScreen.storyboard */; };
		A607A9E329A4642C00487350 /* Color+.swift in Sources */ = {isa = PBXBuildFile; fileRef = A607A9E229A4642C00487350 /* Color+.swift */; };
		A607A9F129A4C12800487350 /* PickerButtonToolbarView.swift in Sources */ = {isa = PBXBuildFile; fileRef = A607A9F029A4C12800487350 /* PickerButtonToolbarView.swift */; };
		A60B49262997DDF700565520 /* WeekCircleCell.swift in Sources */ = {isa = PBXBuildFile; fileRef = A60B49252997DDF700565520 /* WeekCircleCell.swift */; };
		A614B287299CB03300B9652D /* Kingfisher in Frameworks */ = {isa = PBXBuildFile; productRef = A614B286299CB03300B9652D /* Kingfisher */; };
		A614B28A299CB05600B9652D /* RxDataSources in Frameworks */ = {isa = PBXBuildFile; productRef = A614B289299CB05600B9652D /* RxDataSources */; };
		A614B28D299CB0B600B9652D /* TrainingSectionModel.swift in Sources */ = {isa = PBXBuildFile; fileRef = A614B28C299CB0B600B9652D /* TrainingSectionModel.swift */; };
		A619F0442996771800BD55B6 /* TrainingBoxCell.swift in Sources */ = {isa = PBXBuildFile; fileRef = A619F0432996771800BD55B6 /* TrainingBoxCell.swift */; };
		A63B078629AC443D007DE54F /* ActivityIndicator.swift in Sources */ = {isa = PBXBuildFile; fileRef = A63B078529AC443D007DE54F /* ActivityIndicator.swift */; };
		A655079229A5AD2E00C615D3 /* InputListCell.swift in Sources */ = {isa = PBXBuildFile; fileRef = A655079129A5AD2E00C615D3 /* InputListCell.swift */; };
		A683743F29936C8F00A37A8D /* UIBaseNavigationController.swift in Sources */ = {isa = PBXBuildFile; fileRef = A683743E29936C8F00A37A8D /* UIBaseNavigationController.swift */; };
		A683744129936C9F00A37A8D /* UIBaseTabBarViewController.swift in Sources */ = {isa = PBXBuildFile; fileRef = A683744029936C9F00A37A8D /* UIBaseTabBarViewController.swift */; };
		A68E5F88298CA41100112ED7 /* ReactorKit in Frameworks */ = {isa = PBXBuildFile; productRef = A68E5F87298CA41100112ED7 /* ReactorKit */; };
		A68E5F8B298CA45000112ED7 /* SnapKit in Frameworks */ = {isa = PBXBuildFile; productRef = A68E5F8A298CA45000112ED7 /* SnapKit */; };
		A68E5F91298CA5E900112ED7 /* UIViewController+Rx.swift in Sources */ = {isa = PBXBuildFile; fileRef = A68E5F90298CA5E900112ED7 /* UIViewController+Rx.swift */; };
		A68E5F94298CA61E00112ED7 /* Then.swift in Sources */ = {isa = PBXBuildFile; fileRef = A68E5F93298CA61E00112ED7 /* Then.swift */; };
		A68E5F96298CC20900112ED7 /* StartViewController.swift in Sources */ = {isa = PBXBuildFile; fileRef = A68E5F95298CC20900112ED7 /* StartViewController.swift */; };
		A68E5F99298CC5A200112ED7 /* TrainingViewController.swift in Sources */ = {isa = PBXBuildFile; fileRef = A68E5F98298CC5A200112ED7 /* TrainingViewController.swift */; };
		A68E5F9B298CCFC200112ED7 /* UIFont+.swift in Sources */ = {isa = PBXBuildFile; fileRef = A68E5F9A298CCFC200112ED7 /* UIFont+.swift */; };
		A690252129A8791A00BE42F5 /* ExpectedLevelCell.swift in Sources */ = {isa = PBXBuildFile; fileRef = A690252029A8791A00BE42F5 /* ExpectedLevelCell.swift */; };
		A6A519142990D0EB002CBC01 /* DynamicHeightTableView.swift in Sources */ = {isa = PBXBuildFile; fileRef = A6A519132990D0EB002CBC01 /* DynamicHeightTableView.swift */; };
		A6A519162990D348002CBC01 /* UIButton+.swift in Sources */ = {isa = PBXBuildFile; fileRef = A6A519152990D348002CBC01 /* UIButton+.swift */; };
		A6A519192990DB30002CBC01 /* TrainingEnvironmentViewController.swift in Sources */ = {isa = PBXBuildFile; fileRef = A6A519182990DB30002CBC01 /* TrainingEnvironmentViewController.swift */; };
		A6A5191C2990DF9D002CBC01 /* BMIViewController.swift in Sources */ = {isa = PBXBuildFile; fileRef = A6A5191B2990DF9D002CBC01 /* BMIViewController.swift */; };
		A6A519222990E359002CBC01 /* ExpectedLevelViewController.swift in Sources */ = {isa = PBXBuildFile; fileRef = A6A519212990E359002CBC01 /* ExpectedLevelViewController.swift */; };
		A6AAEC902991E42300F15E21 /* LevelTrendViewController.swift in Sources */ = {isa = PBXBuildFile; fileRef = A6AAEC8F2991E42300F15E21 /* LevelTrendViewController.swift */; };
		A6B4285D29B0813C0065D245 /* TrainingProcessCell.swift in Sources */ = {isa = PBXBuildFile; fileRef = A6B4285C29B0813C0065D245 /* TrainingProcessCell.swift */; };
		A6B4286229B086B30065D245 /* Questionnaire.swift in Sources */ = {isa = PBXBuildFile; fileRef = A6B4286129B086B30065D245 /* Questionnaire.swift */; };
		A6B4286429B086D00065D245 /* Training.swift in Sources */ = {isa = PBXBuildFile; fileRef = A6B4286329B086D00065D245 /* Training.swift */; };
		A6B4286629B086E40065D245 /* Precondition.swift in Sources */ = {isa = PBXBuildFile; fileRef = A6B4286529B086E40065D245 /* Precondition.swift */; };
		A6B4286829B086F40065D245 /* Personal.swift in Sources */ = {isa = PBXBuildFile; fileRef = A6B4286729B086F40065D245 /* Personal.swift */; };
		A6B4286A29B087150065D245 /* ExpectedLevelType.swift in Sources */ = {isa = PBXBuildFile; fileRef = A6B4286929B087150065D245 /* ExpectedLevelType.swift */; };
		A6B4286C29B087370065D245 /* Expectation.swift in Sources */ = {isa = PBXBuildFile; fileRef = A6B4286B29B087370065D245 /* Expectation.swift */; };
		A6B4287029B08AC30065D245 /* DayTraining.swift in Sources */ = {isa = PBXBuildFile; fileRef = A6B4286F29B08AC30065D245 /* DayTraining.swift */; };
		A6C612B92991E470005F5BB7 /* SettingsViewController.swift in Sources */ = {isa = PBXBuildFile; fileRef = A6C612B82991E470005F5BB7 /* SettingsViewController.swift */; };
		A6CD38FD298CD65000FB5642 /* NOTOSANSKR-REGULAR-HESTIA.ttf in Resources */ = {isa = PBXBuildFile; fileRef = A6CD38F7298CD65000FB5642 /* NOTOSANSKR-REGULAR-HESTIA.ttf */; };
		A6CD38FE298CD65000FB5642 /* Montserrat-Medium.ttf in Resources */ = {isa = PBXBuildFile; fileRef = A6CD38F8298CD65000FB5642 /* Montserrat-Medium.ttf */; };
		A6CD38FF298CD65000FB5642 /* Montserrat-Regular.ttf in Resources */ = {isa = PBXBuildFile; fileRef = A6CD38F9298CD65000FB5642 /* Montserrat-Regular.ttf */; };
		A6CD3900298CD65000FB5642 /* NOTOSANSKR-BOLD-HESTIA.ttf in Resources */ = {isa = PBXBuildFile; fileRef = A6CD38FA298CD65000FB5642 /* NOTOSANSKR-BOLD-HESTIA.ttf */; };
		A6CD3901298CD65000FB5642 /* NOTOSANSKR-MEDIUM-HESTIA.ttf in Resources */ = {isa = PBXBuildFile; fileRef = A6CD38FB298CD65000FB5642 /* NOTOSANSKR-MEDIUM-HESTIA.ttf */; };
		A6CD3902298CD65000FB5642 /* Montserrat-Bold.ttf in Resources */ = {isa = PBXBuildFile; fileRef = A6CD38FC298CD65000FB5642 /* Montserrat-Bold.ttf */; };
		A6CD3904298CDE5200FB5642 /* Resource.swift in Sources */ = {isa = PBXBuildFile; fileRef = A6CD3903298CDE5200FB5642 /* Resource.swift */; };
		A6CD3907298CDFBC00FB5642 /* LevelCheckViewController.swift in Sources */ = {isa = PBXBuildFile; fileRef = A6CD3906298CDFBC00FB5642 /* LevelCheckViewController.swift */; };
		A6CD390A298CE8A600FB5642 /* PickerButton.swift in Sources */ = {isa = PBXBuildFile; fileRef = A6CD3909298CE8A600FB5642 /* PickerButton.swift */; };
		A6FA25C929B185A900A65C29 /* TrainingProcessHeaderView.swift in Sources */ = {isa = PBXBuildFile; fileRef = A6FA25C829B185A900A65C29 /* TrainingProcessHeaderView.swift */; };
		A6FA25CB29B185FE00A65C29 /* TrainingProcessDecorationView.swift in Sources */ = {isa = PBXBuildFile; fileRef = A6FA25CA29B185FE00A65C29 /* TrainingProcessDecorationView.swift */; };
		A6FA25CD29B1CB0F00A65C29 /* UICollectionView+.swift in Sources */ = {isa = PBXBuildFile; fileRef = A6FA25CC29B1CB0F00A65C29 /* UICollectionView+.swift */; };
		A6FA25CF29B1CC3E00A65C29 /* Direction.swift in Sources */ = {isa = PBXBuildFile; fileRef = A6FA25CE29B1CC3E00A65C29 /* Direction.swift */; };
		CBE1DD58299C9504003E717D /* UITableViewCell+.swift in Sources */ = {isa = PBXBuildFile; fileRef = CBE1DD57299C9504003E717D /* UITableViewCell+.swift */; };
/* End PBXBuildFile section */

/* Begin PBXFileReference section */
		A60519CF298BA66B00557E7E /* POGER_5x5.app */ = {isa = PBXFileReference; explicitFileType = wrapper.application; includeInIndex = 0; path = POGER_5x5.app; sourceTree = BUILT_PRODUCTS_DIR; };
		A60519D2298BA66B00557E7E /* AppDelegate.swift */ = {isa = PBXFileReference; lastKnownFileType = sourcecode.swift; path = AppDelegate.swift; sourceTree = "<group>"; };
		A60519D4298BA66B00557E7E /* SceneDelegate.swift */ = {isa = PBXFileReference; lastKnownFileType = sourcecode.swift; path = SceneDelegate.swift; sourceTree = "<group>"; };
		A60519DB298BA66C00557E7E /* Assets.xcassets */ = {isa = PBXFileReference; lastKnownFileType = folder.assetcatalog; path = Assets.xcassets; sourceTree = "<group>"; };
		A60519DE298BA66C00557E7E /* Base */ = {isa = PBXFileReference; lastKnownFileType = file.storyboard; name = Base; path = Base.lproj/LaunchScreen.storyboard; sourceTree = "<group>"; };
		A60519E0298BA66C00557E7E /* Info.plist */ = {isa = PBXFileReference; lastKnownFileType = text.plist.xml; path = Info.plist; sourceTree = "<group>"; };
		A607A9E229A4642C00487350 /* Color+.swift */ = {isa = PBXFileReference; lastKnownFileType = sourcecode.swift; path = "Color+.swift"; sourceTree = "<group>"; };
		A607A9F029A4C12800487350 /* PickerButtonToolbarView.swift */ = {isa = PBXFileReference; lastKnownFileType = sourcecode.swift; path = PickerButtonToolbarView.swift; sourceTree = "<group>"; };
		A60B49252997DDF700565520 /* WeekCircleCell.swift */ = {isa = PBXFileReference; lastKnownFileType = sourcecode.swift; path = WeekCircleCell.swift; sourceTree = "<group>"; };
		A614B28C299CB0B600B9652D /* TrainingSectionModel.swift */ = {isa = PBXFileReference; lastKnownFileType = sourcecode.swift; path = TrainingSectionModel.swift; sourceTree = "<group>"; };
		A619F0432996771800BD55B6 /* TrainingBoxCell.swift */ = {isa = PBXFileReference; lastKnownFileType = sourcecode.swift; path = TrainingBoxCell.swift; sourceTree = "<group>"; };
		A63B078529AC443D007DE54F /* ActivityIndicator.swift */ = {isa = PBXFileReference; lastKnownFileType = sourcecode.swift; path = ActivityIndicator.swift; sourceTree = "<group>"; };
		A655079129A5AD2E00C615D3 /* InputListCell.swift */ = {isa = PBXFileReference; lastKnownFileType = sourcecode.swift; path = InputListCell.swift; sourceTree = "<group>"; };
		A683743E29936C8F00A37A8D /* UIBaseNavigationController.swift */ = {isa = PBXFileReference; lastKnownFileType = sourcecode.swift; path = UIBaseNavigationController.swift; sourceTree = "<group>"; };
		A683744029936C9F00A37A8D /* UIBaseTabBarViewController.swift */ = {isa = PBXFileReference; lastKnownFileType = sourcecode.swift; path = UIBaseTabBarViewController.swift; sourceTree = "<group>"; };
		A68E5F90298CA5E900112ED7 /* UIViewController+Rx.swift */ = {isa = PBXFileReference; lastKnownFileType = sourcecode.swift; path = "UIViewController+Rx.swift"; sourceTree = "<group>"; };
		A68E5F93298CA61E00112ED7 /* Then.swift */ = {isa = PBXFileReference; lastKnownFileType = sourcecode.swift; path = Then.swift; sourceTree = "<group>"; };
		A68E5F95298CC20900112ED7 /* StartViewController.swift */ = {isa = PBXFileReference; lastKnownFileType = sourcecode.swift; path = StartViewController.swift; sourceTree = "<group>"; };
		A68E5F98298CC5A200112ED7 /* TrainingViewController.swift */ = {isa = PBXFileReference; lastKnownFileType = sourcecode.swift; path = TrainingViewController.swift; sourceTree = "<group>"; };
		A68E5F9A298CCFC200112ED7 /* UIFont+.swift */ = {isa = PBXFileReference; lastKnownFileType = sourcecode.swift; path = "UIFont+.swift"; sourceTree = "<group>"; };
		A690252029A8791A00BE42F5 /* ExpectedLevelCell.swift */ = {isa = PBXFileReference; lastKnownFileType = sourcecode.swift; path = ExpectedLevelCell.swift; sourceTree = "<group>"; };
		A6A519132990D0EB002CBC01 /* DynamicHeightTableView.swift */ = {isa = PBXFileReference; lastKnownFileType = sourcecode.swift; path = DynamicHeightTableView.swift; sourceTree = "<group>"; };
		A6A519152990D348002CBC01 /* UIButton+.swift */ = {isa = PBXFileReference; lastKnownFileType = sourcecode.swift; path = "UIButton+.swift"; sourceTree = "<group>"; };
		A6A519182990DB30002CBC01 /* TrainingEnvironmentViewController.swift */ = {isa = PBXFileReference; lastKnownFileType = sourcecode.swift; path = TrainingEnvironmentViewController.swift; sourceTree = "<group>"; };
		A6A5191B2990DF9D002CBC01 /* BMIViewController.swift */ = {isa = PBXFileReference; lastKnownFileType = sourcecode.swift; path = BMIViewController.swift; sourceTree = "<group>"; };
		A6A519212990E359002CBC01 /* ExpectedLevelViewController.swift */ = {isa = PBXFileReference; lastKnownFileType = sourcecode.swift; path = ExpectedLevelViewController.swift; sourceTree = "<group>"; };
		A6AAEC8F2991E42300F15E21 /* LevelTrendViewController.swift */ = {isa = PBXFileReference; lastKnownFileType = sourcecode.swift; path = LevelTrendViewController.swift; sourceTree = "<group>"; };
		A6B4285C29B0813C0065D245 /* TrainingProcessCell.swift */ = {isa = PBXFileReference; lastKnownFileType = sourcecode.swift; path = TrainingProcessCell.swift; sourceTree = "<group>"; };
		A6B4286129B086B30065D245 /* Questionnaire.swift */ = {isa = PBXFileReference; lastKnownFileType = sourcecode.swift; path = Questionnaire.swift; sourceTree = "<group>"; };
		A6B4286329B086D00065D245 /* Training.swift */ = {isa = PBXFileReference; lastKnownFileType = sourcecode.swift; path = Training.swift; sourceTree = "<group>"; };
		A6B4286529B086E40065D245 /* Precondition.swift */ = {isa = PBXFileReference; lastKnownFileType = sourcecode.swift; path = Precondition.swift; sourceTree = "<group>"; };
		A6B4286729B086F40065D245 /* Personal.swift */ = {isa = PBXFileReference; lastKnownFileType = sourcecode.swift; path = Personal.swift; sourceTree = "<group>"; };
		A6B4286929B087150065D245 /* ExpectedLevelType.swift */ = {isa = PBXFileReference; lastKnownFileType = sourcecode.swift; path = ExpectedLevelType.swift; sourceTree = "<group>"; };
		A6B4286B29B087370065D245 /* Expectation.swift */ = {isa = PBXFileReference; lastKnownFileType = sourcecode.swift; path = Expectation.swift; sourceTree = "<group>"; };
		A6B4286F29B08AC30065D245 /* DayTraining.swift */ = {isa = PBXFileReference; lastKnownFileType = sourcecode.swift; path = DayTraining.swift; sourceTree = "<group>"; };
		A6C612B82991E470005F5BB7 /* SettingsViewController.swift */ = {isa = PBXFileReference; lastKnownFileType = sourcecode.swift; path = SettingsViewController.swift; sourceTree = "<group>"; };
		A6CD38F7298CD65000FB5642 /* NOTOSANSKR-REGULAR-HESTIA.ttf */ = {isa = PBXFileReference; lastKnownFileType = file; path = "NOTOSANSKR-REGULAR-HESTIA.ttf"; sourceTree = "<group>"; };
		A6CD38F8298CD65000FB5642 /* Montserrat-Medium.ttf */ = {isa = PBXFileReference; lastKnownFileType = file; path = "Montserrat-Medium.ttf"; sourceTree = "<group>"; };
		A6CD38F9298CD65000FB5642 /* Montserrat-Regular.ttf */ = {isa = PBXFileReference; lastKnownFileType = file; path = "Montserrat-Regular.ttf"; sourceTree = "<group>"; };
		A6CD38FA298CD65000FB5642 /* NOTOSANSKR-BOLD-HESTIA.ttf */ = {isa = PBXFileReference; lastKnownFileType = file; path = "NOTOSANSKR-BOLD-HESTIA.ttf"; sourceTree = "<group>"; };
		A6CD38FB298CD65000FB5642 /* NOTOSANSKR-MEDIUM-HESTIA.ttf */ = {isa = PBXFileReference; lastKnownFileType = file; path = "NOTOSANSKR-MEDIUM-HESTIA.ttf"; sourceTree = "<group>"; };
		A6CD38FC298CD65000FB5642 /* Montserrat-Bold.ttf */ = {isa = PBXFileReference; lastKnownFileType = file; path = "Montserrat-Bold.ttf"; sourceTree = "<group>"; };
		A6CD3903298CDE5200FB5642 /* Resource.swift */ = {isa = PBXFileReference; lastKnownFileType = sourcecode.swift; path = Resource.swift; sourceTree = "<group>"; };
		A6CD3906298CDFBC00FB5642 /* LevelCheckViewController.swift */ = {isa = PBXFileReference; lastKnownFileType = sourcecode.swift; path = LevelCheckViewController.swift; sourceTree = "<group>"; };
		A6CD3909298CE8A600FB5642 /* PickerButton.swift */ = {isa = PBXFileReference; lastKnownFileType = sourcecode.swift; path = PickerButton.swift; sourceTree = "<group>"; };
		A6FA25C829B185A900A65C29 /* TrainingProcessHeaderView.swift */ = {isa = PBXFileReference; lastKnownFileType = sourcecode.swift; path = TrainingProcessHeaderView.swift; sourceTree = "<group>"; };
		A6FA25CA29B185FE00A65C29 /* TrainingProcessDecorationView.swift */ = {isa = PBXFileReference; lastKnownFileType = sourcecode.swift; path = TrainingProcessDecorationView.swift; sourceTree = "<group>"; };
		A6FA25CC29B1CB0F00A65C29 /* UICollectionView+.swift */ = {isa = PBXFileReference; lastKnownFileType = sourcecode.swift; path = "UICollectionView+.swift"; sourceTree = "<group>"; };
		A6FA25CE29B1CC3E00A65C29 /* Direction.swift */ = {isa = PBXFileReference; lastKnownFileType = sourcecode.swift; path = Direction.swift; sourceTree = "<group>"; };
		CBE1DD57299C9504003E717D /* UITableViewCell+.swift */ = {isa = PBXFileReference; lastKnownFileType = sourcecode.swift; path = "UITableViewCell+.swift"; sourceTree = "<group>"; };
/* End PBXFileReference section */

/* Begin PBXFrameworksBuildPhase section */
		A60519CC298BA66B00557E7E /* Frameworks */ = {
			isa = PBXFrameworksBuildPhase;
			buildActionMask = 2147483647;
			files = (
				A614B287299CB03300B9652D /* Kingfisher in Frameworks */,
				A614B28A299CB05600B9652D /* RxDataSources in Frameworks */,
				A68E5F88298CA41100112ED7 /* ReactorKit in Frameworks */,
				A68E5F8B298CA45000112ED7 /* SnapKit in Frameworks */,
			);
			runOnlyForDeploymentPostprocessing = 0;
		};
/* End PBXFrameworksBuildPhase section */

/* Begin PBXGroup section */
		A60519C6298BA66B00557E7E = {
			isa = PBXGroup;
			children = (
				A60519D1298BA66B00557E7E /* POGER_5x5 */,
				A60519D0298BA66B00557E7E /* Products */,
			);
			sourceTree = "<group>";
		};
		A60519D0298BA66B00557E7E /* Products */ = {
			isa = PBXGroup;
			children = (
				A60519CF298BA66B00557E7E /* POGER_5x5.app */,
			);
			name = Products;
			sourceTree = "<group>";
		};
		A60519D1298BA66B00557E7E /* POGER_5x5 */ = {
			isa = PBXGroup;
			children = (
				A60519E0298BA66C00557E7E /* Info.plist */,
				A6BCAD93298BB12C0069ABA5 /* Application */,
				A683743D29936C5C00A37A8D /* Base */,
				A614B28B299CB08200B9652D /* DataSources */,
				A68E5F8F298CA5C800112ED7 /* Extension */,
				A68E5F92298CA60C00112ED7 /* Foundation */,
				A6BCAD95298BB1560069ABA5 /* Features */,
				A6BCAD94298BB13D0069ABA5 /* Resources */,
				A68E5F9C298CCFE800112ED7 /* Supporting files */,
			);
			path = POGER_5x5;
			sourceTree = "<group>";
		};
		A607A9EF29A4C11100487350 /* PickerButton */ = {
			isa = PBXGroup;
			children = (
				A6CD3909298CE8A600FB5642 /* PickerButton.swift */,
				A607A9F029A4C12800487350 /* PickerButtonToolbarView.swift */,
			);
			path = PickerButton;
			sourceTree = "<group>";
		};
		A614B28B299CB08200B9652D /* DataSources */ = {
			isa = PBXGroup;
			children = (
				A6B4285F29B0867B0065D245 /* Enums */,
				A6B4285E29B086730065D245 /* Models */,
				A6B4286029B086A00065D245 /* Protocols */,
			);
			path = DataSources;
			sourceTree = "<group>";
		};
		A619F0402996758F00BD55B6 /* Subview */ = {
			isa = PBXGroup;
			children = (
				A6FA25C829B185A900A65C29 /* TrainingProcessHeaderView.swift */,
				A6FA25CA29B185FE00A65C29 /* TrainingProcessDecorationView.swift */,
			);
			path = Subview;
			sourceTree = "<group>";
		};
		A6301755299F1DA00014DBF2 /* Cell */ = {
			isa = PBXGroup;
			children = (
				A619F0432996771800BD55B6 /* TrainingBoxCell.swift */,
				A60B49252997DDF700565520 /* WeekCircleCell.swift */,
				A6B4285C29B0813C0065D245 /* TrainingProcessCell.swift */,
			);
			path = Cell;
			sourceTree = "<group>";
		};
		A655079029A5ACFE00C615D3 /* Cell */ = {
			isa = PBXGroup;
			children = (
				A655079129A5AD2E00C615D3 /* InputListCell.swift */,
			);
			path = Cell;
			sourceTree = "<group>";
		};
		A683743D29936C5C00A37A8D /* Base */ = {
			isa = PBXGroup;
			children = (
				A683743E29936C8F00A37A8D /* UIBaseNavigationController.swift */,
				A683744029936C9F00A37A8D /* UIBaseTabBarViewController.swift */,
			);
			path = Base;
			sourceTree = "<group>";
		};
		A68E5F84298CA01A00112ED7 /* Start */ = {
			isa = PBXGroup;
			children = (
				A655079029A5ACFE00C615D3 /* Cell */,
				A68E5F95298CC20900112ED7 /* StartViewController.swift */,
				A6CD3908298CDFC000FB5642 /* LevelCheck */,
				A6A519172990DAE5002CBC01 /* TrainingEnvironment */,
				A6A5191A2990DEF2002CBC01 /* BMI */,
				A6A519202990E34B002CBC01 /* ExpectedLevel */,
			);
			path = Start;
			sourceTree = "<group>";
		};
		A68E5F8F298CA5C800112ED7 /* Extension */ = {
			isa = PBXGroup;
			children = (
				A68E5F90298CA5E900112ED7 /* UIViewController+Rx.swift */,
				A6A519152990D348002CBC01 /* UIButton+.swift */,
				A68E5F9A298CCFC200112ED7 /* UIFont+.swift */,
				CBE1DD57299C9504003E717D /* UITableViewCell+.swift */,
				A6FA25CC29B1CB0F00A65C29 /* UICollectionView+.swift */,
				A607A9E229A4642C00487350 /* Color+.swift */,
			);
			path = Extension;
			sourceTree = "<group>";
		};
		A68E5F92298CA60C00112ED7 /* Foundation */ = {
			isa = PBXGroup;
			children = (
				A68E5F93298CA61E00112ED7 /* Then.swift */,
				A63B078529AC443D007DE54F /* ActivityIndicator.swift */,
				A607A9EF29A4C11100487350 /* PickerButton */,
				A6A519132990D0EB002CBC01 /* DynamicHeightTableView.swift */,
			);
			path = Foundation;
			sourceTree = "<group>";
		};
		A68E5F97298CC57200112ED7 /* Training */ = {
			isa = PBXGroup;
			children = (
				A6301755299F1DA00014DBF2 /* Cell */,
				A619F0402996758F00BD55B6 /* Subview */,
				A68E5F98298CC5A200112ED7 /* TrainingViewController.swift */,
			);
			path = Training;
			sourceTree = "<group>";
		};
		A68E5F9C298CCFE800112ED7 /* Supporting files */ = {
			isa = PBXGroup;
			children = (
				A6CD38FC298CD65000FB5642 /* Montserrat-Bold.ttf */,
				A6CD38F8298CD65000FB5642 /* Montserrat-Medium.ttf */,
				A6CD38F9298CD65000FB5642 /* Montserrat-Regular.ttf */,
				A6CD38FA298CD65000FB5642 /* NOTOSANSKR-BOLD-HESTIA.ttf */,
				A6CD38FB298CD65000FB5642 /* NOTOSANSKR-MEDIUM-HESTIA.ttf */,
				A6CD38F7298CD65000FB5642 /* NOTOSANSKR-REGULAR-HESTIA.ttf */,
			);
			path = "Supporting files";
			sourceTree = "<group>";
		};
		A6A519172990DAE5002CBC01 /* TrainingEnvironment */ = {
			isa = PBXGroup;
			children = (
				A6A519182990DB30002CBC01 /* TrainingEnvironmentViewController.swift */,
			);
			path = TrainingEnvironment;
			sourceTree = "<group>";
		};
		A6A5191A2990DEF2002CBC01 /* BMI */ = {
			isa = PBXGroup;
			children = (
				A6A5191B2990DF9D002CBC01 /* BMIViewController.swift */,
			);
			path = BMI;
			sourceTree = "<group>";
		};
		A6A519202990E34B002CBC01 /* ExpectedLevel */ = {
			isa = PBXGroup;
			children = (
				A690252029A8791A00BE42F5 /* ExpectedLevelCell.swift */,
				A6A519212990E359002CBC01 /* ExpectedLevelViewController.swift */,
			);
			path = ExpectedLevel;
			sourceTree = "<group>";
		};
		A6AAEC8E2991E3E800F15E21 /* LevelTrend */ = {
			isa = PBXGroup;
			children = (
				A6AAEC8F2991E42300F15E21 /* LevelTrendViewController.swift */,
			);
			path = LevelTrend;
			sourceTree = "<group>";
		};
		A6AAEC912991E43800F15E21 /* Settings */ = {
			isa = PBXGroup;
			children = (
				A6C612B82991E470005F5BB7 /* SettingsViewController.swift */,
			);
			path = Settings;
			sourceTree = "<group>";
		};
		A6B4285E29B086730065D245 /* Models */ = {
			isa = PBXGroup;
			children = (
				A6B4286B29B087370065D245 /* Expectation.swift */,
				A6B4286F29B08AC30065D245 /* DayTraining.swift */,
				A614B28C299CB0B600B9652D /* TrainingSectionModel.swift */,
			);
			path = Models;
			sourceTree = "<group>";
		};
		A6B4285F29B0867B0065D245 /* Enums */ = {
			isa = PBXGroup;
			children = (
				A6B4286329B086D00065D245 /* Training.swift */,
				A6B4286529B086E40065D245 /* Precondition.swift */,
				A6B4286729B086F40065D245 /* Personal.swift */,
				A6B4286929B087150065D245 /* ExpectedLevelType.swift */,
				A6FA25CE29B1CC3E00A65C29 /* Direction.swift */,
			);
			path = Enums;
			sourceTree = "<group>";
		};
		A6B4286029B086A00065D245 /* Protocols */ = {
			isa = PBXGroup;
			children = (
				A6B4286129B086B30065D245 /* Questionnaire.swift */,
			);
			path = Protocols;
			sourceTree = "<group>";
		};
		A6BCAD93298BB12C0069ABA5 /* Application */ = {
			isa = PBXGroup;
			children = (
				A60519D2298BA66B00557E7E /* AppDelegate.swift */,
				A60519D4298BA66B00557E7E /* SceneDelegate.swift */,
			);
			path = Application;
			sourceTree = "<group>";
		};
		A6BCAD94298BB13D0069ABA5 /* Resources */ = {
			isa = PBXGroup;
			children = (
				A60519DB298BA66C00557E7E /* Assets.xcassets */,
				A60519DD298BA66C00557E7E /* LaunchScreen.storyboard */,
				A6CD3903298CDE5200FB5642 /* Resource.swift */,
			);
			path = Resources;
			sourceTree = "<group>";
		};
		A6BCAD95298BB1560069ABA5 /* Features */ = {
			isa = PBXGroup;
			children = (
				A68E5F84298CA01A00112ED7 /* Start */,
				A68E5F97298CC57200112ED7 /* Training */,
				A6AAEC8E2991E3E800F15E21 /* LevelTrend */,
				A6AAEC912991E43800F15E21 /* Settings */,
			);
			path = Features;
			sourceTree = "<group>";
		};
		A6CD3908298CDFC000FB5642 /* LevelCheck */ = {
			isa = PBXGroup;
			children = (
				A6CD3906298CDFBC00FB5642 /* LevelCheckViewController.swift */,
			);
			path = LevelCheck;
			sourceTree = "<group>";
		};
/* End PBXGroup section */

/* Begin PBXNativeTarget section */
		A60519CE298BA66B00557E7E /* POGER_5x5 */ = {
			isa = PBXNativeTarget;
			buildConfigurationList = A60519E3298BA66C00557E7E /* Build configuration list for PBXNativeTarget "POGER_5x5" */;
			buildPhases = (
				A60519CB298BA66B00557E7E /* Sources */,
				A60519CC298BA66B00557E7E /* Frameworks */,
				A60519CD298BA66B00557E7E /* Resources */,
			);
			buildRules = (
			);
			dependencies = (
			);
			name = POGER_5x5;
			packageProductDependencies = (
				A68E5F87298CA41100112ED7 /* ReactorKit */,
				A68E5F8A298CA45000112ED7 /* SnapKit */,
				A614B286299CB03300B9652D /* Kingfisher */,
				A614B289299CB05600B9652D /* RxDataSources */,
			);
			productName = POGER_5x5;
			productReference = A60519CF298BA66B00557E7E /* POGER_5x5.app */;
			productType = "com.apple.product-type.application";
		};
/* End PBXNativeTarget section */

/* Begin PBXProject section */
		A60519C7298BA66B00557E7E /* Project object */ = {
			isa = PBXProject;
			attributes = {
				BuildIndependentTargetsInParallel = 1;
				LastSwiftUpdateCheck = 1400;
				LastUpgradeCheck = 1400;
				TargetAttributes = {
					A60519CE298BA66B00557E7E = {
						CreatedOnToolsVersion = 14.0.1;
					};
				};
			};
			buildConfigurationList = A60519CA298BA66B00557E7E /* Build configuration list for PBXProject "POGER_5x5" */;
			compatibilityVersion = "Xcode 14.0";
			developmentRegion = en;
			hasScannedForEncodings = 0;
			knownRegions = (
				en,
				Base,
			);
			mainGroup = A60519C6298BA66B00557E7E;
			packageReferences = (
				A68E5F86298CA41100112ED7 /* XCRemoteSwiftPackageReference "ReactorKit" */,
				A68E5F89298CA45000112ED7 /* XCRemoteSwiftPackageReference "SnapKit" */,
				A614B285299CB03300B9652D /* XCRemoteSwiftPackageReference "Kingfisher" */,
				A614B288299CB05600B9652D /* XCRemoteSwiftPackageReference "RxDataSources" */,
			);
			productRefGroup = A60519D0298BA66B00557E7E /* Products */;
			projectDirPath = "";
			projectRoot = "";
			targets = (
				A60519CE298BA66B00557E7E /* POGER_5x5 */,
			);
		};
/* End PBXProject section */

/* Begin PBXResourcesBuildPhase section */
		A60519CD298BA66B00557E7E /* Resources */ = {
			isa = PBXResourcesBuildPhase;
			buildActionMask = 2147483647;
			files = (
				A60519DF298BA66C00557E7E /* LaunchScreen.storyboard in Resources */,
				A6CD3901298CD65000FB5642 /* NOTOSANSKR-MEDIUM-HESTIA.ttf in Resources */,
				A6CD3900298CD65000FB5642 /* NOTOSANSKR-BOLD-HESTIA.ttf in Resources */,
				A6CD38FD298CD65000FB5642 /* NOTOSANSKR-REGULAR-HESTIA.ttf in Resources */,
				A6CD3902298CD65000FB5642 /* Montserrat-Bold.ttf in Resources */,
				A6CD38FE298CD65000FB5642 /* Montserrat-Medium.ttf in Resources */,
				A6CD38FF298CD65000FB5642 /* Montserrat-Regular.ttf in Resources */,
				A60519DC298BA66C00557E7E /* Assets.xcassets in Resources */,
			);
			runOnlyForDeploymentPostprocessing = 0;
		};
/* End PBXResourcesBuildPhase section */

/* Begin PBXSourcesBuildPhase section */
		A60519CB298BA66B00557E7E /* Sources */ = {
			isa = PBXSourcesBuildPhase;
			buildActionMask = 2147483647;
			files = (
				A6A519142990D0EB002CBC01 /* DynamicHeightTableView.swift in Sources */,
				A6FA25C929B185A900A65C29 /* TrainingProcessHeaderView.swift in Sources */,
				A68E5F99298CC5A200112ED7 /* TrainingViewController.swift in Sources */,
				A6FA25CF29B1CC3E00A65C29 /* Direction.swift in Sources */,
				A655079229A5AD2E00C615D3 /* InputListCell.swift in Sources */,
				A6A519192990DB30002CBC01 /* TrainingEnvironmentViewController.swift in Sources */,
				A607A9F129A4C12800487350 /* PickerButtonToolbarView.swift in Sources */,
				A6CD390A298CE8A600FB5642 /* PickerButton.swift in Sources */,
				A68E5F9B298CCFC200112ED7 /* UIFont+.swift in Sources */,
				A6FA25CB29B185FE00A65C29 /* TrainingProcessDecorationView.swift in Sources */,
				A6CD3904298CDE5200FB5642 /* Resource.swift in Sources */,
				A60B49262997DDF700565520 /* WeekCircleCell.swift in Sources */,
				A683744129936C9F00A37A8D /* UIBaseTabBarViewController.swift in Sources */,
				A68E5F96298CC20900112ED7 /* StartViewController.swift in Sources */,
				A6FA25CD29B1CB0F00A65C29 /* UICollectionView+.swift in Sources */,
				A6B4286C29B087370065D245 /* Expectation.swift in Sources */,
				A6B4286829B086F40065D245 /* Personal.swift in Sources */,
				A6B4286A29B087150065D245 /* ExpectedLevelType.swift in Sources */,
				A60519D3298BA66B00557E7E /* AppDelegate.swift in Sources */,
				A614B28D299CB0B600B9652D /* TrainingSectionModel.swift in Sources */,
				A6B4286629B086E40065D245 /* Precondition.swift in Sources */,
				CBE1DD58299C9504003E717D /* UITableViewCell+.swift in Sources */,
				A63B078629AC443D007DE54F /* ActivityIndicator.swift in Sources */,
				A6A519162990D348002CBC01 /* UIButton+.swift in Sources */,
				A690252129A8791A00BE42F5 /* ExpectedLevelCell.swift in Sources */,
				A68E5F91298CA5E900112ED7 /* UIViewController+Rx.swift in Sources */,
				A6AAEC902991E42300F15E21 /* LevelTrendViewController.swift in Sources */,
				A6B4286229B086B30065D245 /* Questionnaire.swift in Sources */,
				A6B4286429B086D00065D245 /* Training.swift in Sources */,
				A6CD3907298CDFBC00FB5642 /* LevelCheckViewController.swift in Sources */,
				A683743F29936C8F00A37A8D /* UIBaseNavigationController.swift in Sources */,
				A6B4285D29B0813C0065D245 /* TrainingProcessCell.swift in Sources */,
				A607A9E329A4642C00487350 /* Color+.swift in Sources */,
				A60519D5298BA66B00557E7E /* SceneDelegate.swift in Sources */,
				A619F0442996771800BD55B6 /* TrainingBoxCell.swift in Sources */,
				A6B4287029B08AC30065D245 /* DayTraining.swift in Sources */,
				A6A5191C2990DF9D002CBC01 /* BMIViewController.swift in Sources */,
				A68E5F94298CA61E00112ED7 /* Then.swift in Sources */,
				A6A519222990E359002CBC01 /* ExpectedLevelViewController.swift in Sources */,
				A6C612B92991E470005F5BB7 /* SettingsViewController.swift in Sources */,
			);
			runOnlyForDeploymentPostprocessing = 0;
		};
/* End PBXSourcesBuildPhase section */

/* Begin PBXVariantGroup section */
		A60519DD298BA66C00557E7E /* LaunchScreen.storyboard */ = {
			isa = PBXVariantGroup;
			children = (
				A60519DE298BA66C00557E7E /* Base */,
			);
			name = LaunchScreen.storyboard;
			sourceTree = "<group>";
		};
/* End PBXVariantGroup section */

/* Begin XCBuildConfiguration section */
		A60519E1298BA66C00557E7E /* Debug */ = {
			isa = XCBuildConfiguration;
			buildSettings = {
				ALWAYS_SEARCH_USER_PATHS = NO;
				CLANG_ANALYZER_NONNULL = YES;
				CLANG_ANALYZER_NUMBER_OBJECT_CONVERSION = YES_AGGRESSIVE;
				CLANG_CXX_LANGUAGE_STANDARD = "gnu++20";
				CLANG_ENABLE_MODULES = YES;
				CLANG_ENABLE_OBJC_ARC = YES;
				CLANG_ENABLE_OBJC_WEAK = YES;
				CLANG_WARN_BLOCK_CAPTURE_AUTORELEASING = YES;
				CLANG_WARN_BOOL_CONVERSION = YES;
				CLANG_WARN_COMMA = YES;
				CLANG_WARN_CONSTANT_CONVERSION = YES;
				CLANG_WARN_DEPRECATED_OBJC_IMPLEMENTATIONS = YES;
				CLANG_WARN_DIRECT_OBJC_ISA_USAGE = YES_ERROR;
				CLANG_WARN_DOCUMENTATION_COMMENTS = YES;
				CLANG_WARN_EMPTY_BODY = YES;
				CLANG_WARN_ENUM_CONVERSION = YES;
				CLANG_WARN_INFINITE_RECURSION = YES;
				CLANG_WARN_INT_CONVERSION = YES;
				CLANG_WARN_NON_LITERAL_NULL_CONVERSION = YES;
				CLANG_WARN_OBJC_IMPLICIT_RETAIN_SELF = YES;
				CLANG_WARN_OBJC_LITERAL_CONVERSION = YES;
				CLANG_WARN_OBJC_ROOT_CLASS = YES_ERROR;
				CLANG_WARN_QUOTED_INCLUDE_IN_FRAMEWORK_HEADER = YES;
				CLANG_WARN_RANGE_LOOP_ANALYSIS = YES;
				CLANG_WARN_STRICT_PROTOTYPES = YES;
				CLANG_WARN_SUSPICIOUS_MOVE = YES;
				CLANG_WARN_UNGUARDED_AVAILABILITY = YES_AGGRESSIVE;
				CLANG_WARN_UNREACHABLE_CODE = YES;
				CLANG_WARN__DUPLICATE_METHOD_MATCH = YES;
				COPY_PHASE_STRIP = NO;
				DEBUG_INFORMATION_FORMAT = dwarf;
				ENABLE_STRICT_OBJC_MSGSEND = YES;
				ENABLE_TESTABILITY = YES;
				GCC_C_LANGUAGE_STANDARD = gnu11;
				GCC_DYNAMIC_NO_PIC = NO;
				GCC_NO_COMMON_BLOCKS = YES;
				GCC_OPTIMIZATION_LEVEL = 0;
				GCC_PREPROCESSOR_DEFINITIONS = (
					"DEBUG=1",
					"$(inherited)",
				);
				GCC_WARN_64_TO_32_BIT_CONVERSION = YES;
				GCC_WARN_ABOUT_RETURN_TYPE = YES_ERROR;
				GCC_WARN_UNDECLARED_SELECTOR = YES;
				GCC_WARN_UNINITIALIZED_AUTOS = YES_AGGRESSIVE;
				GCC_WARN_UNUSED_FUNCTION = YES;
				GCC_WARN_UNUSED_VARIABLE = YES;
				IPHONEOS_DEPLOYMENT_TARGET = 16.0;
				MTL_ENABLE_DEBUG_INFO = INCLUDE_SOURCE;
				MTL_FAST_MATH = YES;
				ONLY_ACTIVE_ARCH = YES;
				SDKROOT = iphoneos;
				SWIFT_ACTIVE_COMPILATION_CONDITIONS = DEBUG;
				SWIFT_OPTIMIZATION_LEVEL = "-Onone";
			};
			name = Debug;
		};
		A60519E2298BA66C00557E7E /* Release */ = {
			isa = XCBuildConfiguration;
			buildSettings = {
				ALWAYS_SEARCH_USER_PATHS = NO;
				CLANG_ANALYZER_NONNULL = YES;
				CLANG_ANALYZER_NUMBER_OBJECT_CONVERSION = YES_AGGRESSIVE;
				CLANG_CXX_LANGUAGE_STANDARD = "gnu++20";
				CLANG_ENABLE_MODULES = YES;
				CLANG_ENABLE_OBJC_ARC = YES;
				CLANG_ENABLE_OBJC_WEAK = YES;
				CLANG_WARN_BLOCK_CAPTURE_AUTORELEASING = YES;
				CLANG_WARN_BOOL_CONVERSION = YES;
				CLANG_WARN_COMMA = YES;
				CLANG_WARN_CONSTANT_CONVERSION = YES;
				CLANG_WARN_DEPRECATED_OBJC_IMPLEMENTATIONS = YES;
				CLANG_WARN_DIRECT_OBJC_ISA_USAGE = YES_ERROR;
				CLANG_WARN_DOCUMENTATION_COMMENTS = YES;
				CLANG_WARN_EMPTY_BODY = YES;
				CLANG_WARN_ENUM_CONVERSION = YES;
				CLANG_WARN_INFINITE_RECURSION = YES;
				CLANG_WARN_INT_CONVERSION = YES;
				CLANG_WARN_NON_LITERAL_NULL_CONVERSION = YES;
				CLANG_WARN_OBJC_IMPLICIT_RETAIN_SELF = YES;
				CLANG_WARN_OBJC_LITERAL_CONVERSION = YES;
				CLANG_WARN_OBJC_ROOT_CLASS = YES_ERROR;
				CLANG_WARN_QUOTED_INCLUDE_IN_FRAMEWORK_HEADER = YES;
				CLANG_WARN_RANGE_LOOP_ANALYSIS = YES;
				CLANG_WARN_STRICT_PROTOTYPES = YES;
				CLANG_WARN_SUSPICIOUS_MOVE = YES;
				CLANG_WARN_UNGUARDED_AVAILABILITY = YES_AGGRESSIVE;
				CLANG_WARN_UNREACHABLE_CODE = YES;
				CLANG_WARN__DUPLICATE_METHOD_MATCH = YES;
				COPY_PHASE_STRIP = NO;
				DEBUG_INFORMATION_FORMAT = "dwarf-with-dsym";
				ENABLE_NS_ASSERTIONS = NO;
				ENABLE_STRICT_OBJC_MSGSEND = YES;
				GCC_C_LANGUAGE_STANDARD = gnu11;
				GCC_NO_COMMON_BLOCKS = YES;
				GCC_WARN_64_TO_32_BIT_CONVERSION = YES;
				GCC_WARN_ABOUT_RETURN_TYPE = YES_ERROR;
				GCC_WARN_UNDECLARED_SELECTOR = YES;
				GCC_WARN_UNINITIALIZED_AUTOS = YES_AGGRESSIVE;
				GCC_WARN_UNUSED_FUNCTION = YES;
				GCC_WARN_UNUSED_VARIABLE = YES;
				IPHONEOS_DEPLOYMENT_TARGET = 16.0;
				MTL_ENABLE_DEBUG_INFO = NO;
				MTL_FAST_MATH = YES;
				SDKROOT = iphoneos;
				SWIFT_COMPILATION_MODE = wholemodule;
				SWIFT_OPTIMIZATION_LEVEL = "-O";
				VALIDATE_PRODUCT = YES;
			};
			name = Release;
		};
		A60519E4298BA66C00557E7E /* Debug */ = {
			isa = XCBuildConfiguration;
			buildSettings = {
				ASSETCATALOG_COMPILER_APPICON_NAME = AppIcon;
				ASSETCATALOG_COMPILER_GLOBAL_ACCENT_COLOR_NAME = AccentColor;
				CODE_SIGN_STYLE = Automatic;
				CURRENT_PROJECT_VERSION = 1;
				DEVELOPMENT_TEAM = HU8RMC793N;
				GENERATE_INFOPLIST_FILE = YES;
				INFOPLIST_FILE = POGER_5x5/Info.plist;
				INFOPLIST_KEY_UIApplicationSupportsIndirectInputEvents = YES;
				INFOPLIST_KEY_UILaunchStoryboardName = LaunchScreen;
				INFOPLIST_KEY_UIMainStoryboardFile = "";
				INFOPLIST_KEY_UISupportedInterfaceOrientations_iPad = "UIInterfaceOrientationPortrait UIInterfaceOrientationPortraitUpsideDown UIInterfaceOrientationLandscapeLeft UIInterfaceOrientationLandscapeRight";
				INFOPLIST_KEY_UISupportedInterfaceOrientations_iPhone = "UIInterfaceOrientationPortrait UIInterfaceOrientationLandscapeLeft UIInterfaceOrientationLandscapeRight";
				IPHONEOS_DEPLOYMENT_TARGET = 14.0;
				LD_RUNPATH_SEARCH_PATHS = (
					"$(inherited)",
					"@executable_path/Frameworks",
				);
				MARKETING_VERSION = 1.0;
				PRODUCT_BUNDLE_IDENTIFIER = "kr.textobey.POGER-5x5";
				PRODUCT_NAME = "$(TARGET_NAME)";
				SWIFT_EMIT_LOC_STRINGS = YES;
				SWIFT_VERSION = 5.0;
				TARGETED_DEVICE_FAMILY = "1,2";
			};
			name = Debug;
		};
		A60519E5298BA66C00557E7E /* Release */ = {
			isa = XCBuildConfiguration;
			buildSettings = {
				ASSETCATALOG_COMPILER_APPICON_NAME = AppIcon;
				ASSETCATALOG_COMPILER_GLOBAL_ACCENT_COLOR_NAME = AccentColor;
				CODE_SIGN_STYLE = Automatic;
				CURRENT_PROJECT_VERSION = 1;
				DEVELOPMENT_TEAM = HU8RMC793N;
				GENERATE_INFOPLIST_FILE = YES;
				INFOPLIST_FILE = POGER_5x5/Info.plist;
				INFOPLIST_KEY_UIApplicationSupportsIndirectInputEvents = YES;
				INFOPLIST_KEY_UILaunchStoryboardName = LaunchScreen;
				INFOPLIST_KEY_UIMainStoryboardFile = "";
				INFOPLIST_KEY_UISupportedInterfaceOrientations_iPad = "UIInterfaceOrientationPortrait UIInterfaceOrientationPortraitUpsideDown UIInterfaceOrientationLandscapeLeft UIInterfaceOrientationLandscapeRight";
				INFOPLIST_KEY_UISupportedInterfaceOrientations_iPhone = "UIInterfaceOrientationPortrait UIInterfaceOrientationLandscapeLeft UIInterfaceOrientationLandscapeRight";
				IPHONEOS_DEPLOYMENT_TARGET = 14.0;
				LD_RUNPATH_SEARCH_PATHS = (
					"$(inherited)",
					"@executable_path/Frameworks",
				);
				MARKETING_VERSION = 1.0;
				PRODUCT_BUNDLE_IDENTIFIER = "kr.textobey.POGER-5x5";
				PRODUCT_NAME = "$(TARGET_NAME)";
				SWIFT_EMIT_LOC_STRINGS = YES;
				SWIFT_VERSION = 5.0;
				TARGETED_DEVICE_FAMILY = "1,2";
			};
			name = Release;
		};
/* End XCBuildConfiguration section */

/* Begin XCConfigurationList section */
		A60519CA298BA66B00557E7E /* Build configuration list for PBXProject "POGER_5x5" */ = {
			isa = XCConfigurationList;
			buildConfigurations = (
				A60519E1298BA66C00557E7E /* Debug */,
				A60519E2298BA66C00557E7E /* Release */,
			);
			defaultConfigurationIsVisible = 0;
			defaultConfigurationName = Release;
		};
		A60519E3298BA66C00557E7E /* Build configuration list for PBXNativeTarget "POGER_5x5" */ = {
			isa = XCConfigurationList;
			buildConfigurations = (
				A60519E4298BA66C00557E7E /* Debug */,
				A60519E5298BA66C00557E7E /* Release */,
			);
			defaultConfigurationIsVisible = 0;
			defaultConfigurationName = Release;
		};
/* End XCConfigurationList section */

/* Begin XCRemoteSwiftPackageReference section */
		A614B285299CB03300B9652D /* XCRemoteSwiftPackageReference "Kingfisher" */ = {
			isa = XCRemoteSwiftPackageReference;
			repositoryURL = "https://github.com/onevcat/Kingfisher.git";
			requirement = {
				branch = master;
				kind = branch;
			};
		};
		A614B288299CB05600B9652D /* XCRemoteSwiftPackageReference "RxDataSources" */ = {
			isa = XCRemoteSwiftPackageReference;
			repositoryURL = "https://github.com/RxSwiftCommunity/RxDataSources.git";
			requirement = {
				kind = upToNextMajorVersion;
				minimumVersion = 5.0.0;
			};
		};
		A68E5F86298CA41100112ED7 /* XCRemoteSwiftPackageReference "ReactorKit" */ = {
			isa = XCRemoteSwiftPackageReference;
			repositoryURL = "https://github.com/ReactorKit/ReactorKit.git";
			requirement = {
				branch = master;
				kind = branch;
			};
		};
		A68E5F89298CA45000112ED7 /* XCRemoteSwiftPackageReference "SnapKit" */ = {
			isa = XCRemoteSwiftPackageReference;
			repositoryURL = "https://github.com/SnapKit/SnapKit.git";
			requirement = {
				branch = develop;
				kind = branch;
			};
		};
/* End XCRemoteSwiftPackageReference section */

/* Begin XCSwiftPackageProductDependency section */
		A614B286299CB03300B9652D /* Kingfisher */ = {
			isa = XCSwiftPackageProductDependency;
			package = A614B285299CB03300B9652D /* XCRemoteSwiftPackageReference "Kingfisher" */;
			productName = Kingfisher;
		};
		A614B289299CB05600B9652D /* RxDataSources */ = {
			isa = XCSwiftPackageProductDependency;
			package = A614B288299CB05600B9652D /* XCRemoteSwiftPackageReference "RxDataSources" */;
			productName = RxDataSources;
		};
		A68E5F87298CA41100112ED7 /* ReactorKit */ = {
			isa = XCSwiftPackageProductDependency;
			package = A68E5F86298CA41100112ED7 /* XCRemoteSwiftPackageReference "ReactorKit" */;
			productName = ReactorKit;
		};
		A68E5F8A298CA45000112ED7 /* SnapKit */ = {
			isa = XCSwiftPackageProductDependency;
			package = A68E5F89298CA45000112ED7 /* XCRemoteSwiftPackageReference "SnapKit" */;
			productName = SnapKit;
		};
/* End XCSwiftPackageProductDependency section */
	};
	rootObject = A60519C7298BA66B00557E7E /* Project object */;
}
